
Microsoft Visual Studio Solution File, Format Version 12.00
# Visual Studio Version 17
VisualStudioVersion = 17.0.31912.275
MinimumVisualStudioVersion = 10.0.40219.1
Project("{FAE04EC0-301F-11D3-BF4B-00C04F79EFBC}") = "Database", "Database\Database.csproj", "{17B48D25-CE7B-4629-AE2C-5DDC6527C20D}"
EndProject
Project("{FAE04EC0-301F-11D3-BF4B-00C04F79EFBC}") = "apiclass", "apiclass\apiclass.csproj", "{2AC3CABC-601B-4123-81EB-206B4577C49E}"
EndProject
Project("{9A19103F-16F7-4668-BE54-9A1E7A4F7556}") = "WebClient", "WebClient\WebClient.csproj", "{0B0FFAF4-6D39-41FD-8BE4-2C7C4D88FC37}"
EndProject
Global
	GlobalSection(SolutionConfigurationPlatforms) = preSolution
		Debug|Any CPU = Debug|Any CPU
		Release|Any CPU = Release|Any CPU
	EndGlobalSection
	GlobalSection(ProjectConfigurationPlatforms) = postSolution
		{17B48D25-CE7B-4629-AE2C-5DDC6527C20D}.Debug|Any CPU.ActiveCfg = Debug|Any CPU
		{17B48D25-CE7B-4629-AE2C-5DDC6527C20D}.Debug|Any CPU.Build.0 = Debug|Any CPU
		{17B48D25-CE7B-4629-AE2C-5DDC6527C20D}.Release|Any CPU.ActiveCfg = Release|Any CPU
		{17B48D25-CE7B-4629-AE2C-5DDC6527C20D}.Release|Any CPU.Build.0 = Release|Any CPU
		{2AC3CABC-601B-4123-81EB-206B4577C49E}.Debug|Any CPU.ActiveCfg = Debug|Any CPU
		{2AC3CABC-601B-4123-81EB-206B4577C49E}.Debug|Any CPU.Build.0 = Debug|Any CPU
		{2AC3CABC-601B-4123-81EB-206B4577C49E}.Release|Any CPU.ActiveCfg = Release|Any CPU
		{2AC3CABC-601B-4123-81EB-206B4577C49E}.Release|Any CPU.Build.0 = Release|Any CPU
		{0B0FFAF4-6D39-41FD-8BE4-2C7C4D88FC37}.Debug|Any CPU.ActiveCfg = Debug|Any CPU
		{0B0FFAF4-6D39-41FD-8BE4-2C7C4D88FC37}.Debug|Any CPU.Build.0 = Debug|Any CPU
		{0B0FFAF4-6D39-41FD-8BE4-2C7C4D88FC37}.Release|Any CPU.ActiveCfg = Release|Any CPU
		{0B0FFAF4-6D39-41FD-8BE4-2C7C4D88FC37}.Release|Any CPU.Build.0 = Release|Any CPU
	EndGlobalSection
	GlobalSection(SolutionProperties) = preSolution
		HideSolutionNode = FALSE
	EndGlobalSection
	GlobalSection(ExtensibilityGlobals) = postSolution
		SolutionGuid = {4E4E52E0-AEDF-42D0-96AA-8E6F7DAF3EF3}
	EndGlobalSection
EndGlobal
